
Microsoft Visual Studio Solution File, Format Version 12.00
# Visual Studio Version 16
VisualStudioVersion = 16.0.30611.23
MinimumVisualStudioVersion = 10.0.40219.1
Project("{FAE04EC0-301F-11D3-BF4B-00C04F79EFBC}") = "Hello1", "Hello1\Hello1.csproj", "{3CEE0082-9CE2-433A-A31E-86D38D2DB3DC}"
EndProject
Project("{FAE04EC0-301F-11D3-BF4B-00C04F79EFBC}") = "MessageManager", "MessageManager\MessageManager.csproj", "{460032D9-2EAF-48C3-8534-AF72AA849AB0}"
EndProject
Project("{FAE04EC0-301F-11D3-BF4B-00C04F79EFBC}") = "HelloTest", "HelloTest\HelloTest.csproj", "{D5EEAB4B-C8A3-46CC-BB1F-6E7EAFAD8DB2}"
EndProject
Project("{FAE04EC0-301F-11D3-BF4B-00C04F79EFBC}") = "SampleWeb", "SampleWeb\SampleWeb.csproj", "{C27918EF-909B-4FE9-B2EE-3110FC07C854}"
EndProject
Global
	GlobalSection(SolutionConfigurationPlatforms) = preSolution
		Debug|Any CPU = Debug|Any CPU
		Release|Any CPU = Release|Any CPU
	EndGlobalSection
	GlobalSection(ProjectConfigurationPlatforms) = postSolution
		{3CEE0082-9CE2-433A-A31E-86D38D2DB3DC}.Debug|Any CPU.ActiveCfg = Debug|Any CPU
		{3CEE0082-9CE2-433A-A31E-86D38D2DB3DC}.Debug|Any CPU.Build.0 = Debug|Any CPU
		{3CEE0082-9CE2-433A-A31E-86D38D2DB3DC}.Release|Any CPU.ActiveCfg = Release|Any CPU
		{3CEE0082-9CE2-433A-A31E-86D38D2DB3DC}.Release|Any CPU.Build.0 = Release|Any CPU
		{460032D9-2EAF-48C3-8534-AF72AA849AB0}.Debug|Any CPU.ActiveCfg = Debug|Any CPU
		{460032D9-2EAF-48C3-8534-AF72AA849AB0}.Debug|Any CPU.Build.0 = Debug|Any CPU
		{460032D9-2EAF-48C3-8534-AF72AA849AB0}.Release|Any CPU.ActiveCfg = Release|Any CPU
		{460032D9-2EAF-48C3-8534-AF72AA849AB0}.Release|Any CPU.Build.0 = Release|Any CPU
		{D5EEAB4B-C8A3-46CC-BB1F-6E7EAFAD8DB2}.Debug|Any CPU.ActiveCfg = Debug|Any CPU
		{D5EEAB4B-C8A3-46CC-BB1F-6E7EAFAD8DB2}.Debug|Any CPU.Build.0 = Debug|Any CPU
		{D5EEAB4B-C8A3-46CC-BB1F-6E7EAFAD8DB2}.Release|Any CPU.ActiveCfg = Release|Any CPU
		{D5EEAB4B-C8A3-46CC-BB1F-6E7EAFAD8DB2}.Release|Any CPU.Build.0 = Release|Any CPU
		{C27918EF-909B-4FE9-B2EE-3110FC07C854}.Debug|Any CPU.ActiveCfg = Debug|Any CPU
		{C27918EF-909B-4FE9-B2EE-3110FC07C854}.Debug|Any CPU.Build.0 = Debug|Any CPU
		{C27918EF-909B-4FE9-B2EE-3110FC07C854}.Release|Any CPU.ActiveCfg = Release|Any CPU
		{C27918EF-909B-4FE9-B2EE-3110FC07C854}.Release|Any CPU.Build.0 = Release|Any CPU
	EndGlobalSection
	GlobalSection(SolutionProperties) = preSolution
		HideSolutionNode = FALSE
	EndGlobalSection
	GlobalSection(ExtensibilityGlobals) = postSolution
		SolutionGuid = {D8260A06-B40F-438B-8F3D-68E3998C0267}
	EndGlobalSection
EndGlobal
